
Microsoft Visual Studio Solution File, Format Version 12.00
# Visual Studio 15
VisualStudioVersion = 15.0.28307.136
MinimumVisualStudioVersion = 10.0.40219.1
Project("{FAE04EC0-301F-11D3-BF4B-00C04F79EFBC}") = "IsmaelOuedraogo.Web", "IsmaelOuedraogo.Web\IsmaelOuedraogo.Web.csproj", "{7F88E760-CFA0-4D95-ACD2-3CB76C9E4AE2}"
EndProject
Project("{FAE04EC0-301F-11D3-BF4B-00C04F79EFBC}") = "IsmaelOuedraogo.DB", "ClassLibrary1\IsmaelOuedraogo.DB.csproj", "{9167AE6D-74E0-478B-B036-9F3B84FC85BA}"
EndProject
Global
	GlobalSection(SolutionConfigurationPlatforms) = preSolution
		Debug|Any CPU = Debug|Any CPU
		Release|Any CPU = Release|Any CPU
	EndGlobalSection
	GlobalSection(ProjectConfigurationPlatforms) = postSolution
		{7F88E760-CFA0-4D95-ACD2-3CB76C9E4AE2}.Debug|Any CPU.ActiveCfg = Debug|Any CPU
		{7F88E760-CFA0-4D95-ACD2-3CB76C9E4AE2}.Debug|Any CPU.Build.0 = Debug|Any CPU
		{7F88E760-CFA0-4D95-ACD2-3CB76C9E4AE2}.Release|Any CPU.ActiveCfg = Release|Any CPU
		{7F88E760-CFA0-4D95-ACD2-3CB76C9E4AE2}.Release|Any CPU.Build.0 = Release|Any CPU
		{9167AE6D-74E0-478B-B036-9F3B84FC85BA}.Debug|Any CPU.ActiveCfg = Debug|Any CPU
		{9167AE6D-74E0-478B-B036-9F3B84FC85BA}.Debug|Any CPU.Build.0 = Debug|Any CPU
		{9167AE6D-74E0-478B-B036-9F3B84FC85BA}.Release|Any CPU.ActiveCfg = Release|Any CPU
		{9167AE6D-74E0-478B-B036-9F3B84FC85BA}.Release|Any CPU.Build.0 = Release|Any CPU
	EndGlobalSection
	GlobalSection(SolutionProperties) = preSolution
		HideSolutionNode = FALSE
	EndGlobalSection
	GlobalSection(ExtensibilityGlobals) = postSolution
		SolutionGuid = {3F0F168A-D290-456B-8E3F-756939C34AB5}
	EndGlobalSection
EndGlobal
